
Microsoft Visual Studio Solution File, Format Version 12.00
# Visual Studio Version 17
VisualStudioVersion = 17.2.32526.322
MinimumVisualStudioVersion = 10.0.40219.1
Project("{9A19103F-16F7-4668-BE54-9A1E7A4F7556}") = "BOM.Services.Api", "BOM.Services.Api\BOM.Services.Api.csproj", "{7F8C96FB-4981-4502-B95A-F0CEF7038EA4}"
EndProject
Project("{FAE04EC0-301F-11D3-BF4B-00C04F79EFBC}") = "BOM.Services.Test", "BOM.Services.Test\BOM.Services.Test.csproj", "{88F1729B-C274-461C-BE00-51BE0F69E963}"
EndProject
Global
	GlobalSection(SolutionConfigurationPlatforms) = preSolution
		Debug|Any CPU = Debug|Any CPU
		Release|Any CPU = Release|Any CPU
	EndGlobalSection
	GlobalSection(ProjectConfigurationPlatforms) = postSolution
		{7F8C96FB-4981-4502-B95A-F0CEF7038EA4}.Debug|Any CPU.ActiveCfg = Debug|Any CPU
		{7F8C96FB-4981-4502-B95A-F0CEF7038EA4}.Debug|Any CPU.Build.0 = Debug|Any CPU
		{7F8C96FB-4981-4502-B95A-F0CEF7038EA4}.Release|Any CPU.ActiveCfg = Release|Any CPU
		{7F8C96FB-4981-4502-B95A-F0CEF7038EA4}.Release|Any CPU.Build.0 = Release|Any CPU
		{88F1729B-C274-461C-BE00-51BE0F69E963}.Debug|Any CPU.ActiveCfg = Debug|Any CPU
		{88F1729B-C274-461C-BE00-51BE0F69E963}.Debug|Any CPU.Build.0 = Debug|Any CPU
		{88F1729B-C274-461C-BE00-51BE0F69E963}.Release|Any CPU.ActiveCfg = Release|Any CPU
		{88F1729B-C274-461C-BE00-51BE0F69E963}.Release|Any CPU.Build.0 = Release|Any CPU
	EndGlobalSection
	GlobalSection(SolutionProperties) = preSolution
		HideSolutionNode = FALSE
	EndGlobalSection
	GlobalSection(ExtensibilityGlobals) = postSolution
		SolutionGuid = {4DA72CEA-D870-40D7-BAAB-779CF9B3A476}
	EndGlobalSection
EndGlobal
